
Microsoft Visual Studio Solution File, Format Version 12.00
# Visual Studio 15
Project("{FAE04EC0-301F-11D3-BF4B-00C04F79EFBC}") = "PhotonUnityNetworking.Utilities", "PhotonUnityNetworking.Utilities.csproj", "{A82904F6-6014-30A7-045C-ECE5BAE28F5C}"
EndProject
Project("{FAE04EC0-301F-11D3-BF4B-00C04F79EFBC}") = "PhotonChat", "PhotonChat.csproj", "{7DD21FC2-1D26-667C-6F11-C3A871A57CED}"
EndProject
Project("{FAE04EC0-301F-11D3-BF4B-00C04F79EFBC}") = "PhotonUnityNetworking", "PhotonUnityNetworking.csproj", "{28DAB398-D4DD-1E9E-45F9-4967E5B3BF05}"
EndProject
Project("{FAE04EC0-301F-11D3-BF4B-00C04F79EFBC}") = "Assembly-CSharp", "Assembly-CSharp.csproj", "{0B95C3B0-B855-B760-1946-5F36F55FE5E6}"
EndProject
Project("{FAE04EC0-301F-11D3-BF4B-00C04F79EFBC}") = "PhotonRealtime", "PhotonRealtime.csproj", "{FE46752A-C2F5-2D6C-100F-817D765E488A}"
EndProject
Project("{FAE04EC0-301F-11D3-BF4B-00C04F79EFBC}") = "PhotonWebSocket", "PhotonWebSocket.csproj", "{476787C0-2E2D-1FE0-1C8A-B1FE85172866}"
EndProject
Project("{FAE04EC0-301F-11D3-BF4B-00C04F79EFBC}") = "PhotonUnityNetworking.Editor", "PhotonUnityNetworking.Editor.csproj", "{DA8645CD-4250-163B-3B94-A4B7BB155F09}"
EndProject
Project("{FAE04EC0-301F-11D3-BF4B-00C04F79EFBC}") = "PhotonUnityNetworking.Utilities.PhotonPlayer.Editor", "PhotonUnityNetworking.Utilities.PhotonPlayer.Editor.csproj", "{94662BAC-0CA1-9C4F-6C2C-D4B3A2C09A03}"
EndProject
Project("{FAE04EC0-301F-11D3-BF4B-00C04F79EFBC}") = "PhotonUnityNetworking.Utilities.Culling.Editor", "PhotonUnityNetworking.Utilities.Culling.Editor.csproj", "{B7BEB812-404D-4170-BC83-13B60A4BEB40}"
EndProject
Global
	GlobalSection(SolutionConfigurationPlatforms) = preSolution
		Debug|Any CPU = Debug|Any CPU
		Release|Any CPU = Release|Any CPU
	EndGlobalSection
	GlobalSection(ProjectConfigurationPlatforms) = postSolution
		{A82904F6-6014-30A7-045C-ECE5BAE28F5C}.Debug|Any CPU.ActiveCfg = Debug|Any CPU
		{A82904F6-6014-30A7-045C-ECE5BAE28F5C}.Debug|Any CPU.Build.0 = Debug|Any CPU
		{A82904F6-6014-30A7-045C-ECE5BAE28F5C}.Release|Any CPU.ActiveCfg = Release|Any CPU
		{A82904F6-6014-30A7-045C-ECE5BAE28F5C}.Release|Any CPU.Build.0 = Release|Any CPU
		{7DD21FC2-1D26-667C-6F11-C3A871A57CED}.Debug|Any CPU.ActiveCfg = Debug|Any CPU
		{7DD21FC2-1D26-667C-6F11-C3A871A57CED}.Debug|Any CPU.Build.0 = Debug|Any CPU
		{7DD21FC2-1D26-667C-6F11-C3A871A57CED}.Release|Any CPU.ActiveCfg = Release|Any CPU
		{7DD21FC2-1D26-667C-6F11-C3A871A57CED}.Release|Any CPU.Build.0 = Release|Any CPU
		{28DAB398-D4DD-1E9E-45F9-4967E5B3BF05}.Debug|Any CPU.ActiveCfg = Debug|Any CPU
		{28DAB398-D4DD-1E9E-45F9-4967E5B3BF05}.Debug|Any CPU.Build.0 = Debug|Any CPU
		{28DAB398-D4DD-1E9E-45F9-4967E5B3BF05}.Release|Any CPU.ActiveCfg = Release|Any CPU
		{28DAB398-D4DD-1E9E-45F9-4967E5B3BF05}.Release|Any CPU.Build.0 = Release|Any CPU
		{0B95C3B0-B855-B760-1946-5F36F55FE5E6}.Debug|Any CPU.ActiveCfg = Debug|Any CPU
		{0B95C3B0-B855-B760-1946-5F36F55FE5E6}.Debug|Any CPU.Build.0 = Debug|Any CPU
		{0B95C3B0-B855-B760-1946-5F36F55FE5E6}.Release|Any CPU.ActiveCfg = Release|Any CPU
		{0B95C3B0-B855-B760-1946-5F36F55FE5E6}.Release|Any CPU.Build.0 = Release|Any CPU
		{FE46752A-C2F5-2D6C-100F-817D765E488A}.Debug|Any CPU.ActiveCfg = Debug|Any CPU
		{FE46752A-C2F5-2D6C-100F-817D765E488A}.Debug|Any CPU.Build.0 = Debug|Any CPU
		{FE46752A-C2F5-2D6C-100F-817D765E488A}.Release|Any CPU.ActiveCfg = Release|Any CPU
		{FE46752A-C2F5-2D6C-100F-817D765E488A}.Release|Any CPU.Build.0 = Release|Any CPU
		{476787C0-2E2D-1FE0-1C8A-B1FE85172866}.Debug|Any CPU.ActiveCfg = Debug|Any CPU
		{476787C0-2E2D-1FE0-1C8A-B1FE85172866}.Debug|Any CPU.Build.0 = Debug|Any CPU
		{476787C0-2E2D-1FE0-1C8A-B1FE85172866}.Release|Any CPU.ActiveCfg = Release|Any CPU
		{476787C0-2E2D-1FE0-1C8A-B1FE85172866}.Release|Any CPU.Build.0 = Release|Any CPU
		{DA8645CD-4250-163B-3B94-A4B7BB155F09}.Debug|Any CPU.ActiveCfg = Debug|Any CPU
		{DA8645CD-4250-163B-3B94-A4B7BB155F09}.Debug|Any CPU.Build.0 = Debug|Any CPU
		{DA8645CD-4250-163B-3B94-A4B7BB155F09}.Release|Any CPU.ActiveCfg = Release|Any CPU
		{DA8645CD-4250-163B-3B94-A4B7BB155F09}.Release|Any CPU.Build.0 = Release|Any CPU
		{94662BAC-0CA1-9C4F-6C2C-D4B3A2C09A03}.Debug|Any CPU.ActiveCfg = Debug|Any CPU
		{94662BAC-0CA1-9C4F-6C2C-D4B3A2C09A03}.Debug|Any CPU.Build.0 = Debug|Any CPU
		{94662BAC-0CA1-9C4F-6C2C-D4B3A2C09A03}.Release|Any CPU.ActiveCfg = Release|Any CPU
		{94662BAC-0CA1-9C4F-6C2C-D4B3A2C09A03}.Release|Any CPU.Build.0 = Release|Any CPU
		{B7BEB812-404D-4170-BC83-13B60A4BEB40}.Debug|Any CPU.ActiveCfg = Debug|Any CPU
		{B7BEB812-404D-4170-BC83-13B60A4BEB40}.Debug|Any CPU.Build.0 = Debug|Any CPU
		{B7BEB812-404D-4170-BC83-13B60A4BEB40}.Release|Any CPU.ActiveCfg = Release|Any CPU
		{B7BEB812-404D-4170-BC83-13B60A4BEB40}.Release|Any CPU.Build.0 = Release|Any CPU
	EndGlobalSection
	GlobalSection(SolutionProperties) = preSolution
		HideSolutionNode = FALSE
	EndGlobalSection
EndGlobal
